{
  "name": "deepsynaps-protocol-studio",
  "version": "0.1.0",
  "lockfileVersion": 3,
  "requires": true,
  "packages": {
    "": {
      "name": "deepsynaps-protocol-studio",
      "version": "0.1.0",
      "workspaces": [
        "apps/web",
        "packages/api-client"
      ]
    },
    "apps/web": {
      "name": "@deepsynaps/web"
    },
    "packages/api-client": {
      "name": "@deepsynaps/api-client"
    }
  }
}